// !$*UTF8*$!
{
	archiveVersion = 1;
	classes = {
	};
	objectVersion = 46;
	objects = {

/* Begin PBXBuildFile section */
		64BCCCC4A2B063DBEA21A872 /* Pods_GoogleServiceGenerator.framework in Frameworks */ = {isa = PBXBuildFile; fileRef = 5F99A28DEE2E1B1899806428 /* Pods_GoogleServiceGenerator.framework */; };
		A40D20841D19F51B000E8B9B /* blogger.override.json in Resources */ = {isa = PBXBuildFile; fileRef = A40D20831D19F51B000E8B9B /* blogger.override.json */; };
		A40D20861D19F554000E8B9B /* OverrideFile.swift in Sources */ = {isa = PBXBuildFile; fileRef = A40D20851D19F554000E8B9B /* OverrideFile.swift */; };
		A40D20881D1A10F2000E8B9B /* OverrideFileManager.swift in Sources */ = {isa = PBXBuildFile; fileRef = A40D20871D1A10F2000E8B9B /* OverrideFileManager.swift */; };
		A42E33291BD345330066F807 /* AppDelegate.swift in Sources */ = {isa = PBXBuildFile; fileRef = A42E33281BD345330066F807 /* AppDelegate.swift */; };
		A42E332B1BD345340066F807 /* ViewController.swift in Sources */ = {isa = PBXBuildFile; fileRef = A42E332A1BD345340066F807 /* ViewController.swift */; };
		A42E332D1BD345340066F807 /* Assets.xcassets in Resources */ = {isa = PBXBuildFile; fileRef = A42E332C1BD345340066F807 /* Assets.xcassets */; };
		A42E33301BD345340066F807 /* Main.storyboard in Resources */ = {isa = PBXBuildFile; fileRef = A42E332E1BD345340066F807 /* Main.storyboard */; };
		A42E333B1BD345350066F807 /* GoogleServiceGeneratorTests.swift in Sources */ = {isa = PBXBuildFile; fileRef = A42E333A1BD345350066F807 /* GoogleServiceGeneratorTests.swift */; };
		A42E33461BD345350066F807 /* GoogleServiceGeneratorUITests.swift in Sources */ = {isa = PBXBuildFile; fileRef = A42E33451BD345350066F807 /* GoogleServiceGeneratorUITests.swift */; };
		A42E33511BD34ACB0066F807 /* SchemaToModelClassTransformer.swift in Sources */ = {isa = PBXBuildFile; fileRef = A42E331C1BD2E4010066F807 /* SchemaToModelClassTransformer.swift */; };
		A42E33521BD34ACB0066F807 /* SchemaToModelEnumTransformer.swift in Sources */ = {isa = PBXBuildFile; fileRef = A42E331E1BD31C450066F807 /* SchemaToModelEnumTransformer.swift */; };
		A42E33531BD34ACB0066F807 /* SchemaToServiceClassTransformer.swift in Sources */ = {isa = PBXBuildFile; fileRef = A42E33201BD3249D0066F807 /* SchemaToServiceClassTransformer.swift */; };
		A42E33541BD34ACB0066F807 /* Property.swift in Sources */ = {isa = PBXBuildFile; fileRef = A4CEB9681B3E3F6400FE78FE /* Property.swift */; };
		A42E33551BD34ACB0066F807 /* SystemTypes.swift in Sources */ = {isa = PBXBuildFile; fileRef = A4C5800E1B9B729100AD2F38 /* SystemTypes.swift */; };
		A42E33561BD34ACB0066F807 /* ModelClass.swift in Sources */ = {isa = PBXBuildFile; fileRef = A4C580101B9B7BFD00AD2F38 /* ModelClass.swift */; };
		A42E33571BD34ACB0066F807 /* SourceFileGeneratable.swift in Sources */ = {isa = PBXBuildFile; fileRef = A40E74B81B9D252C005382CD /* SourceFileGeneratable.swift */; };
		A42E33581BD34ACB0066F807 /* ModelEnum.swift in Sources */ = {isa = PBXBuildFile; fileRef = A40E74BA1B9D271C005382CD /* ModelEnum.swift */; };
		A42E33591BD34ACB0066F807 /* ServiceClass.swift in Sources */ = {isa = PBXBuildFile; fileRef = A40E74BC1B9D2A38005382CD /* ServiceClass.swift */; };
		A42E335A1BD34ACB0066F807 /* Generator.swift in Sources */ = {isa = PBXBuildFile; fileRef = A45837471B2A08F6005868A9 /* Generator.swift */; };
		A42E335B1BD34ACB0066F807 /* Utils.swift in Sources */ = {isa = PBXBuildFile; fileRef = A421759D1B37BA4A009ED7F2 /* Utils.swift */; };
		A42E335F1BD3528F0066F807 /* GeneratorHelpers.m in Sources */ = {isa = PBXBuildFile; fileRef = A42E335E1BD3528F0066F807 /* GeneratorHelpers.m */; };
/* End PBXBuildFile section */

/* Begin PBXContainerItemProxy section */
		A42E33371BD345350066F807 /* PBXContainerItemProxy */ = {
			isa = PBXContainerItemProxy;
			containerPortal = A45837171B2A06E9005868A9 /* Project object */;
			proxyType = 1;
			remoteGlobalIDString = A42E33251BD345330066F807;
			remoteInfo = GoogleServiceGenerator;
		};
		A42E33421BD345350066F807 /* PBXContainerItemProxy */ = {
			isa = PBXContainerItemProxy;
			containerPortal = A45837171B2A06E9005868A9 /* Project object */;
			proxyType = 1;
			remoteGlobalIDString = A42E33251BD345330066F807;
			remoteInfo = GoogleServiceGenerator;
		};
/* End PBXContainerItemProxy section */

/* Begin PBXFileReference section */
		4B1814B58D889CC76E1576E5 /* Pods-GoogleServiceGenerator.release.xcconfig */ = {isa = PBXFileReference; includeInIndex = 1; lastKnownFileType = text.xcconfig; name = "Pods-GoogleServiceGenerator.release.xcconfig"; path = "Pods/Target Support Files/Pods-GoogleServiceGenerator/Pods-GoogleServiceGenerator.release.xcconfig"; sourceTree = "<group>"; };
		5F99A28DEE2E1B1899806428 /* Pods_GoogleServiceGenerator.framework */ = {isa = PBXFileReference; explicitFileType = wrapper.framework; includeInIndex = 0; path = Pods_GoogleServiceGenerator.framework; sourceTree = BUILT_PRODUCTS_DIR; };
		A40D20831D19F51B000E8B9B /* blogger.override.json */ = {isa = PBXFileReference; fileEncoding = 4; lastKnownFileType = text.json; name = blogger.override.json; path = Overrides/blogger.override.json; sourceTree = "<group>"; };
		A40D20851D19F554000E8B9B /* OverrideFile.swift */ = {isa = PBXFileReference; fileEncoding = 4; lastKnownFileType = sourcecode.swift; path = OverrideFile.swift; sourceTree = "<group>"; };
		A40D20871D1A10F2000E8B9B /* OverrideFileManager.swift */ = {isa = PBXFileReference; fileEncoding = 4; lastKnownFileType = sourcecode.swift; path = OverrideFileManager.swift; sourceTree = "<group>"; };
		A40E74B81B9D252C005382CD /* SourceFileGeneratable.swift */ = {isa = PBXFileReference; fileEncoding = 4; lastKnownFileType = sourcecode.swift; path = SourceFileGeneratable.swift; sourceTree = "<group>"; };
		A40E74BA1B9D271C005382CD /* ModelEnum.swift */ = {isa = PBXFileReference; fileEncoding = 4; lastKnownFileType = sourcecode.swift; path = ModelEnum.swift; sourceTree = "<group>"; };
		A40E74BC1B9D2A38005382CD /* ServiceClass.swift */ = {isa = PBXFileReference; fileEncoding = 4; lastKnownFileType = sourcecode.swift; path = ServiceClass.swift; sourceTree = "<group>"; };
		A421759D1B37BA4A009ED7F2 /* Utils.swift */ = {isa = PBXFileReference; fileEncoding = 4; lastKnownFileType = sourcecode.swift; path = Utils.swift; sourceTree = "<group>"; };
		A42E331C1BD2E4010066F807 /* SchemaToModelClassTransformer.swift */ = {isa = PBXFileReference; fileEncoding = 4; lastKnownFileType = sourcecode.swift; path = SchemaToModelClassTransformer.swift; sourceTree = "<group>"; };
		A42E331E1BD31C450066F807 /* SchemaToModelEnumTransformer.swift */ = {isa = PBXFileReference; fileEncoding = 4; lastKnownFileType = sourcecode.swift; path = SchemaToModelEnumTransformer.swift; sourceTree = "<group>"; };
		A42E33201BD3249D0066F807 /* SchemaToServiceClassTransformer.swift */ = {isa = PBXFileReference; fileEncoding = 4; lastKnownFileType = sourcecode.swift; path = SchemaToServiceClassTransformer.swift; sourceTree = "<group>"; };
		A42E33261BD345330066F807 /* GoogleServiceGenerator.app */ = {isa = PBXFileReference; explicitFileType = wrapper.application; includeInIndex = 0; path = GoogleServiceGenerator.app; sourceTree = BUILT_PRODUCTS_DIR; };
		A42E33281BD345330066F807 /* AppDelegate.swift */ = {isa = PBXFileReference; lastKnownFileType = sourcecode.swift; path = AppDelegate.swift; sourceTree = "<group>"; };
		A42E332A1BD345340066F807 /* ViewController.swift */ = {isa = PBXFileReference; lastKnownFileType = sourcecode.swift; path = ViewController.swift; sourceTree = "<group>"; };
		A42E332C1BD345340066F807 /* Assets.xcassets */ = {isa = PBXFileReference; lastKnownFileType = folder.assetcatalog; path = Assets.xcassets; sourceTree = "<group>"; };
		A42E332F1BD345340066F807 /* Base */ = {isa = PBXFileReference; lastKnownFileType = file.storyboard; name = Base; path = Base.lproj/Main.storyboard; sourceTree = "<group>"; };
		A42E33311BD345350066F807 /* Info.plist */ = {isa = PBXFileReference; lastKnownFileType = text.plist.xml; path = Info.plist; sourceTree = "<group>"; };
		A42E33361BD345350066F807 /* GoogleServiceGeneratorTests.xctest */ = {isa = PBXFileReference; explicitFileType = wrapper.cfbundle; includeInIndex = 0; path = GoogleServiceGeneratorTests.xctest; sourceTree = BUILT_PRODUCTS_DIR; };
		A42E333A1BD345350066F807 /* GoogleServiceGeneratorTests.swift */ = {isa = PBXFileReference; lastKnownFileType = sourcecode.swift; path = GoogleServiceGeneratorTests.swift; sourceTree = "<group>"; };
		A42E333C1BD345350066F807 /* Info.plist */ = {isa = PBXFileReference; lastKnownFileType = text.plist.xml; path = Info.plist; sourceTree = "<group>"; };
		A42E33411BD345350066F807 /* GoogleServiceGeneratorUITests.xctest */ = {isa = PBXFileReference; explicitFileType = wrapper.cfbundle; includeInIndex = 0; path = GoogleServiceGeneratorUITests.xctest; sourceTree = BUILT_PRODUCTS_DIR; };
		A42E33451BD345350066F807 /* GoogleServiceGeneratorUITests.swift */ = {isa = PBXFileReference; lastKnownFileType = sourcecode.swift; path = GoogleServiceGeneratorUITests.swift; sourceTree = "<group>"; };
		A42E33471BD345350066F807 /* Info.plist */ = {isa = PBXFileReference; lastKnownFileType = text.plist.xml; path = Info.plist; sourceTree = "<group>"; };
		A42E335C1BD3528E0066F807 /* GoogleServiceGenerator-Bridging-Header.h */ = {isa = PBXFileReference; lastKnownFileType = sourcecode.c.h; path = "GoogleServiceGenerator-Bridging-Header.h"; sourceTree = "<group>"; };
		A42E335D1BD3528F0066F807 /* GeneratorHelpers.h */ = {isa = PBXFileReference; fileEncoding = 4; lastKnownFileType = sourcecode.c.h; path = GeneratorHelpers.h; sourceTree = "<group>"; };
		A42E335E1BD3528F0066F807 /* GeneratorHelpers.m */ = {isa = PBXFileReference; fileEncoding = 4; lastKnownFileType = sourcecode.c.objc; path = GeneratorHelpers.m; sourceTree = "<group>"; };
		A45837471B2A08F6005868A9 /* Generator.swift */ = {isa = PBXFileReference; fileEncoding = 4; lastKnownFileType = sourcecode.swift; path = Generator.swift; sourceTree = "<group>"; };
		A4C5800E1B9B729100AD2F38 /* SystemTypes.swift */ = {isa = PBXFileReference; fileEncoding = 4; lastKnownFileType = sourcecode.swift; path = SystemTypes.swift; sourceTree = "<group>"; };
		A4C580101B9B7BFD00AD2F38 /* ModelClass.swift */ = {isa = PBXFileReference; fileEncoding = 4; lastKnownFileType = sourcecode.swift; path = ModelClass.swift; sourceTree = "<group>"; };
		A4CEB9681B3E3F6400FE78FE /* Property.swift */ = {isa = PBXFileReference; fileEncoding = 4; lastKnownFileType = sourcecode.swift; path = Property.swift; sourceTree = "<group>"; };
		C25BD257EBD2B6C5CF9A0518 /* Pods-GoogleServiceGenerator.debug.xcconfig */ = {isa = PBXFileReference; includeInIndex = 1; lastKnownFileType = text.xcconfig; name = "Pods-GoogleServiceGenerator.debug.xcconfig"; path = "Pods/Target Support Files/Pods-GoogleServiceGenerator/Pods-GoogleServiceGenerator.debug.xcconfig"; sourceTree = "<group>"; };
/* End PBXFileReference section */

/* Begin PBXFrameworksBuildPhase section */
		A42E33231BD345330066F807 /* Frameworks */ = {
			isa = PBXFrameworksBuildPhase;
			buildActionMask = 2147483647;
			files = (
				64BCCCC4A2B063DBEA21A872 /* Pods_GoogleServiceGenerator.framework in Frameworks */,
			);
			runOnlyForDeploymentPostprocessing = 0;
		};
		A42E33331BD345350066F807 /* Frameworks */ = {
			isa = PBXFrameworksBuildPhase;
			buildActionMask = 2147483647;
			files = (
			);
			runOnlyForDeploymentPostprocessing = 0;
		};
		A42E333E1BD345350066F807 /* Frameworks */ = {
			isa = PBXFrameworksBuildPhase;
			buildActionMask = 2147483647;
			files = (
			);
			runOnlyForDeploymentPostprocessing = 0;
		};
/* End PBXFrameworksBuildPhase section */

/* Begin PBXGroup section */
		86D2609B6B455B2593295F33 /* Pods */ = {
			isa = PBXGroup;
			children = (
				C25BD257EBD2B6C5CF9A0518 /* Pods-GoogleServiceGenerator.debug.xcconfig */,
				4B1814B58D889CC76E1576E5 /* Pods-GoogleServiceGenerator.release.xcconfig */,
			);
			name = Pods;
			sourceTree = "<group>";
		};
		A40D20811D19F4D2000E8B9B /* Overriding */ = {
			isa = PBXGroup;
			children = (
				A40D20821D19F4DF000E8B9B /* Override Files */,
				A40D20851D19F554000E8B9B /* OverrideFile.swift */,
				A40D20871D1A10F2000E8B9B /* OverrideFileManager.swift */,
			);
			name = Overriding;
			sourceTree = "<group>";
		};
		A40D20821D19F4DF000E8B9B /* Override Files */ = {
			isa = PBXGroup;
			children = (
				A40D20831D19F51B000E8B9B /* blogger.override.json */,
			);
			name = "Override Files";
			sourceTree = "<group>";
		};
		A42E331B1BD2E3CC0066F807 /* Transformers */ = {
			isa = PBXGroup;
			children = (
				A42E331C1BD2E4010066F807 /* SchemaToModelClassTransformer.swift */,
				A42E331E1BD31C450066F807 /* SchemaToModelEnumTransformer.swift */,
				A42E33201BD3249D0066F807 /* SchemaToServiceClassTransformer.swift */,
			);
			path = Transformers;
			sourceTree = "<group>";
		};
		A42E33271BD345330066F807 /* GoogleServiceGenerator */ = {
			isa = PBXGroup;
			children = (
				A40D20811D19F4D2000E8B9B /* Overriding */,
				A4CEB9671B3E3F4100FE78FE /* Model */,
				A42E331B1BD2E3CC0066F807 /* Transformers */,
				A42E33281BD345330066F807 /* AppDelegate.swift */,
				A42E332C1BD345340066F807 /* Assets.xcassets */,
				A45837471B2A08F6005868A9 /* Generator.swift */,
				A42E335D1BD3528F0066F807 /* GeneratorHelpers.h */,
				A42E335E1BD3528F0066F807 /* GeneratorHelpers.m */,
				A42E335C1BD3528E0066F807 /* GoogleServiceGenerator-Bridging-Header.h */,
				A42E33311BD345350066F807 /* Info.plist */,
				A42E332E1BD345340066F807 /* Main.storyboard */,
				A421759D1B37BA4A009ED7F2 /* Utils.swift */,
				A42E332A1BD345340066F807 /* ViewController.swift */,
			);
			path = GoogleServiceGenerator;
			sourceTree = "<group>";
		};
		A42E33391BD345350066F807 /* GoogleServiceGeneratorTests */ = {
			isa = PBXGroup;
			children = (
				A42E333A1BD345350066F807 /* GoogleServiceGeneratorTests.swift */,
				A42E333C1BD345350066F807 /* Info.plist */,
			);
			path = GoogleServiceGeneratorTests;
			sourceTree = "<group>";
		};
		A42E33441BD345350066F807 /* GoogleServiceGeneratorUITests */ = {
			isa = PBXGroup;
			children = (
				A42E33451BD345350066F807 /* GoogleServiceGeneratorUITests.swift */,
				A42E33471BD345350066F807 /* Info.plist */,
			);
			path = GoogleServiceGeneratorUITests;
			sourceTree = "<group>";
		};
		A45837161B2A06E9005868A9 = {
			isa = PBXGroup;
			children = (
				A42E33271BD345330066F807 /* GoogleServiceGenerator */,
				A42E33391BD345350066F807 /* GoogleServiceGeneratorTests */,
				A42E33441BD345350066F807 /* GoogleServiceGeneratorUITests */,
				A45837201B2A06E9005868A9 /* Products */,
				86D2609B6B455B2593295F33 /* Pods */,
				F2FAB032BDBA428F0E253BC8 /* Frameworks */,
			);
			sourceTree = "<group>";
		};
		A45837201B2A06E9005868A9 /* Products */ = {
			isa = PBXGroup;
			children = (
				A42E33261BD345330066F807 /* GoogleServiceGenerator.app */,
				A42E33361BD345350066F807 /* GoogleServiceGeneratorTests.xctest */,
				A42E33411BD345350066F807 /* GoogleServiceGeneratorUITests.xctest */,
			);
			name = Products;
			sourceTree = "<group>";
		};
		A4CEB9671B3E3F4100FE78FE /* Model */ = {
			isa = PBXGroup;
			children = (
				A4C580101B9B7BFD00AD2F38 /* ModelClass.swift */,
				A40E74BA1B9D271C005382CD /* ModelEnum.swift */,
				A4CEB9681B3E3F6400FE78FE /* Property.swift */,
				A40E74BC1B9D2A38005382CD /* ServiceClass.swift */,
				A40E74B81B9D252C005382CD /* SourceFileGeneratable.swift */,
				A4C5800E1B9B729100AD2F38 /* SystemTypes.swift */,
			);
			path = Model;
			sourceTree = "<group>";
		};
		F2FAB032BDBA428F0E253BC8 /* Frameworks */ = {
			isa = PBXGroup;
			children = (
				5F99A28DEE2E1B1899806428 /* Pods_GoogleServiceGenerator.framework */,
			);
			name = Frameworks;
			sourceTree = "<group>";
		};
/* End PBXGroup section */

/* Begin PBXNativeTarget section */
		A42E33251BD345330066F807 /* GoogleServiceGenerator */ = {
			isa = PBXNativeTarget;
			buildConfigurationList = A42E33481BD345350066F807 /* Build configuration list for PBXNativeTarget "GoogleServiceGenerator" */;
			buildPhases = (
				471733E448C0517DAA8906CA /* 📦 Check Pods Manifest.lock */,
				A42E33221BD345330066F807 /* Sources */,
				A42E33231BD345330066F807 /* Frameworks */,
				A42E33241BD345330066F807 /* Resources */,
				8F0BBDAE893F5DFE77C40786 /* 📦 Embed Pods Frameworks */,
				F9C330CAECF41D788669EA84 /* 📦 Copy Pods Resources */,
			);
			buildRules = (
			);
			dependencies = (
			);
			name = GoogleServiceGenerator;
			productName = GoogleServiceGenerator;
			productReference = A42E33261BD345330066F807 /* GoogleServiceGenerator.app */;
			productType = "com.apple.product-type.application";
		};
		A42E33351BD345350066F807 /* GoogleServiceGeneratorTests */ = {
			isa = PBXNativeTarget;
			buildConfigurationList = A42E334B1BD345350066F807 /* Build configuration list for PBXNativeTarget "GoogleServiceGeneratorTests" */;
			buildPhases = (
				A42E33321BD345350066F807 /* Sources */,
				A42E33331BD345350066F807 /* Frameworks */,
				A42E33341BD345350066F807 /* Resources */,
			);
			buildRules = (
			);
			dependencies = (
				A42E33381BD345350066F807 /* PBXTargetDependency */,
			);
			name = GoogleServiceGeneratorTests;
			productName = GoogleServiceGeneratorTests;
			productReference = A42E33361BD345350066F807 /* GoogleServiceGeneratorTests.xctest */;
			productType = "com.apple.product-type.bundle.unit-test";
		};
		A42E33401BD345350066F807 /* GoogleServiceGeneratorUITests */ = {
			isa = PBXNativeTarget;
			buildConfigurationList = A42E334E1BD345350066F807 /* Build configuration list for PBXNativeTarget "GoogleServiceGeneratorUITests" */;
			buildPhases = (
				A42E333D1BD345350066F807 /* Sources */,
				A42E333E1BD345350066F807 /* Frameworks */,
				A42E333F1BD345350066F807 /* Resources */,
			);
			buildRules = (
			);
			dependencies = (
				A42E33431BD345350066F807 /* PBXTargetDependency */,
			);
			name = GoogleServiceGeneratorUITests;
			productName = GoogleServiceGeneratorUITests;
			productReference = A42E33411BD345350066F807 /* GoogleServiceGeneratorUITests.xctest */;
			productType = "com.apple.product-type.bundle.ui-testing";
		};
/* End PBXNativeTarget section */

/* Begin PBXProject section */
		A45837171B2A06E9005868A9 /* Project object */ = {
			isa = PBXProject;
			attributes = {
				LastSwiftUpdateCheck = 0700;
				LastUpgradeCheck = 0700;
				ORGANIZATIONNAME = "Matthew Wyskiel";
				TargetAttributes = {
					A42E33251BD345330066F807 = {
						CreatedOnToolsVersion = 7.0.1;
					};
					A42E33351BD345350066F807 = {
						CreatedOnToolsVersion = 7.0.1;
						TestTargetID = A42E33251BD345330066F807;
					};
					A42E33401BD345350066F807 = {
						CreatedOnToolsVersion = 7.0.1;
						TestTargetID = A42E33251BD345330066F807;
					};
				};
			};
			buildConfigurationList = A458371A1B2A06E9005868A9 /* Build configuration list for PBXProject "GoogleServiceGenerator" */;
			compatibilityVersion = "Xcode 3.2";
			developmentRegion = English;
			hasScannedForEncodings = 0;
			knownRegions = (
				en,
				Base,
			);
			mainGroup = A45837161B2A06E9005868A9;
			productRefGroup = A45837201B2A06E9005868A9 /* Products */;
			projectDirPath = "";
			projectRoot = "";
			targets = (
				A42E33251BD345330066F807 /* GoogleServiceGenerator */,
				A42E33351BD345350066F807 /* GoogleServiceGeneratorTests */,
				A42E33401BD345350066F807 /* GoogleServiceGeneratorUITests */,
			);
		};
/* End PBXProject section */

/* Begin PBXResourcesBuildPhase section */
		A42E33241BD345330066F807 /* Resources */ = {
			isa = PBXResourcesBuildPhase;
			buildActionMask = 2147483647;
			files = (
				A40D20841D19F51B000E8B9B /* blogger.override.json in Resources */,
				A42E332D1BD345340066F807 /* Assets.xcassets in Resources */,
				A42E33301BD345340066F807 /* Main.storyboard in Resources */,
			);
			runOnlyForDeploymentPostprocessing = 0;
		};
		A42E33341BD345350066F807 /* Resources */ = {
			isa = PBXResourcesBuildPhase;
			buildActionMask = 2147483647;
			files = (
			);
			runOnlyForDeploymentPostprocessing = 0;
		};
		A42E333F1BD345350066F807 /* Resources */ = {
			isa = PBXResourcesBuildPhase;
			buildActionMask = 2147483647;
			files = (
			);
			runOnlyForDeploymentPostprocessing = 0;
		};
/* End PBXResourcesBuildPhase section */

/* Begin PBXShellScriptBuildPhase section */
		471733E448C0517DAA8906CA /* 📦 Check Pods Manifest.lock */ = {
			isa = PBXShellScriptBuildPhase;
			buildActionMask = 2147483647;
			files = (
			);
			inputPaths = (
			);
			name = "📦 Check Pods Manifest.lock";
			outputPaths = (
			);
			runOnlyForDeploymentPostprocessing = 0;
			shellPath = /bin/sh;
			shellScript = "diff \"${PODS_ROOT}/../Podfile.lock\" \"${PODS_ROOT}/Manifest.lock\" > /dev/null\nif [[ $? != 0 ]] ; then\n    cat << EOM\nerror: The sandbox is not in sync with the Podfile.lock. Run 'pod install' or update your CocoaPods installation.\nEOM\n    exit 1\nfi\n";
			showEnvVarsInLog = 0;
		};
		8F0BBDAE893F5DFE77C40786 /* 📦 Embed Pods Frameworks */ = {
			isa = PBXShellScriptBuildPhase;
			buildActionMask = 2147483647;
			files = (
			);
			inputPaths = (
			);
			name = "📦 Embed Pods Frameworks";
			outputPaths = (
			);
			runOnlyForDeploymentPostprocessing = 0;
			shellPath = /bin/sh;
			shellScript = "\"${SRCROOT}/Pods/Target Support Files/Pods-GoogleServiceGenerator/Pods-GoogleServiceGenerator-frameworks.sh\"\n";
			showEnvVarsInLog = 0;
		};
		F9C330CAECF41D788669EA84 /* 📦 Copy Pods Resources */ = {
			isa = PBXShellScriptBuildPhase;
			buildActionMask = 2147483647;
			files = (
			);
			inputPaths = (
			);
			name = "📦 Copy Pods Resources";
			outputPaths = (
			);
			runOnlyForDeploymentPostprocessing = 0;
			shellPath = /bin/sh;
			shellScript = "\"${SRCROOT}/Pods/Target Support Files/Pods-GoogleServiceGenerator/Pods-GoogleServiceGenerator-resources.sh\"\n";
			showEnvVarsInLog = 0;
		};
/* End PBXShellScriptBuildPhase section */

/* Begin PBXSourcesBuildPhase section */
		A42E33221BD345330066F807 /* Sources */ = {
			isa = PBXSourcesBuildPhase;
			buildActionMask = 2147483647;
			files = (
				A42E33551BD34ACB0066F807 /* SystemTypes.swift in Sources */,
				A42E335F1BD3528F0066F807 /* GeneratorHelpers.m in Sources */,
				A42E33541BD34ACB0066F807 /* Property.swift in Sources */,
				A42E33561BD34ACB0066F807 /* ModelClass.swift in Sources */,
				A42E332B1BD345340066F807 /* ViewController.swift in Sources */,
				A42E33591BD34ACB0066F807 /* ServiceClass.swift in Sources */,
				A42E33581BD34ACB0066F807 /* ModelEnum.swift in Sources */,
				A42E33291BD345330066F807 /* AppDelegate.swift in Sources */,
				A42E33531BD34ACB0066F807 /* SchemaToServiceClassTransformer.swift in Sources */,
				A40D20861D19F554000E8B9B /* OverrideFile.swift in Sources */,
				A42E33521BD34ACB0066F807 /* SchemaToModelEnumTransformer.swift in Sources */,
				A42E335B1BD34ACB0066F807 /* Utils.swift in Sources */,
				A42E335A1BD34ACB0066F807 /* Generator.swift in Sources */,
				A42E33511BD34ACB0066F807 /* SchemaToModelClassTransformer.swift in Sources */,
				A42E33571BD34ACB0066F807 /* SourceFileGeneratable.swift in Sources */,
				A40D20881D1A10F2000E8B9B /* OverrideFileManager.swift in Sources */,
			);
			runOnlyForDeploymentPostprocessing = 0;
		};
		A42E33321BD345350066F807 /* Sources */ = {
			isa = PBXSourcesBuildPhase;
			buildActionMask = 2147483647;
			files = (
				A42E333B1BD345350066F807 /* GoogleServiceGeneratorTests.swift in Sources */,
			);
			runOnlyForDeploymentPostprocessing = 0;
		};
		A42E333D1BD345350066F807 /* Sources */ = {
			isa = PBXSourcesBuildPhase;
			buildActionMask = 2147483647;
			files = (
				A42E33461BD345350066F807 /* GoogleServiceGeneratorUITests.swift in Sources */,
			);
			runOnlyForDeploymentPostprocessing = 0;
		};
/* End PBXSourcesBuildPhase section */

/* Begin PBXTargetDependency section */
		A42E33381BD345350066F807 /* PBXTargetDependency */ = {
			isa = PBXTargetDependency;
			target = A42E33251BD345330066F807 /* GoogleServiceGenerator */;
			targetProxy = A42E33371BD345350066F807 /* PBXContainerItemProxy */;
		};
		A42E33431BD345350066F807 /* PBXTargetDependency */ = {
			isa = PBXTargetDependency;
			target = A42E33251BD345330066F807 /* GoogleServiceGenerator */;
			targetProxy = A42E33421BD345350066F807 /* PBXContainerItemProxy */;
		};
/* End PBXTargetDependency section */

/* Begin PBXVariantGroup section */
		A42E332E1BD345340066F807 /* Main.storyboard */ = {
			isa = PBXVariantGroup;
			children = (
				A42E332F1BD345340066F807 /* Base */,
			);
			name = Main.storyboard;
			path = .;
			sourceTree = "<group>";
		};
/* End PBXVariantGroup section */

/* Begin XCBuildConfiguration section */
		A42E33491BD345350066F807 /* Debug */ = {
			isa = XCBuildConfiguration;
			baseConfigurationReference = C25BD257EBD2B6C5CF9A0518 /* Pods-GoogleServiceGenerator.debug.xcconfig */;
			buildSettings = {
				ASSETCATALOG_COMPILER_APPICON_NAME = AppIcon;
				CLANG_ENABLE_MODULES = YES;
				CODE_SIGN_IDENTITY = "-";
				COMBINE_HIDPI_IMAGES = YES;
				INFOPLIST_FILE = GoogleServiceGenerator/Info.plist;
				LD_RUNPATH_SEARCH_PATHS = "$(inherited) @executable_path/../Frameworks";
				PRODUCT_BUNDLE_IDENTIFIER = com.matthewwyskiel.GoogleServiceGenerator;
				PRODUCT_NAME = "$(TARGET_NAME)";
				SWIFT_OBJC_BRIDGING_HEADER = "GoogleServiceGenerator/GoogleServiceGenerator-Bridging-Header.h";
				SWIFT_OPTIMIZATION_LEVEL = "-Onone";
			};
			name = Debug;
		};
		A42E334A1BD345350066F807 /* Release */ = {
			isa = XCBuildConfiguration;
			baseConfigurationReference = 4B1814B58D889CC76E1576E5 /* Pods-GoogleServiceGenerator.release.xcconfig */;
			buildSettings = {
				ASSETCATALOG_COMPILER_APPICON_NAME = AppIcon;
				CLANG_ENABLE_MODULES = YES;
				CODE_SIGN_IDENTITY = "-";
				COMBINE_HIDPI_IMAGES = YES;
				INFOPLIST_FILE = GoogleServiceGenerator/Info.plist;
				LD_RUNPATH_SEARCH_PATHS = "$(inherited) @executable_path/../Frameworks";
				PRODUCT_BUNDLE_IDENTIFIER = com.matthewwyskiel.GoogleServiceGenerator;
				PRODUCT_NAME = "$(TARGET_NAME)";
				SWIFT_OBJC_BRIDGING_HEADER = "GoogleServiceGenerator/GoogleServiceGenerator-Bridging-Header.h";
			};
			name = Release;
		};
		A42E334C1BD345350066F807 /* Debug */ = {
			isa = XCBuildConfiguration;
			buildSettings = {
				BUNDLE_LOADER = "$(TEST_HOST)";
				COMBINE_HIDPI_IMAGES = YES;
				INFOPLIST_FILE = GoogleServiceGeneratorTests/Info.plist;
				LD_RUNPATH_SEARCH_PATHS = "$(inherited) @executable_path/../Frameworks @loader_path/../Frameworks";
				PRODUCT_BUNDLE_IDENTIFIER = com.matthewwyskiel.GoogleServiceGeneratorTests;
				PRODUCT_NAME = "$(TARGET_NAME)";
				TEST_HOST = "$(BUILT_PRODUCTS_DIR)/GoogleServiceGenerator.app/Contents/MacOS/GoogleServiceGenerator";
			};
			name = Debug;
		};
		A42E334D1BD345350066F807 /* Release */ = {
			isa = XCBuildConfiguration;
			buildSettings = {
				BUNDLE_LOADER = "$(TEST_HOST)";
				COMBINE_HIDPI_IMAGES = YES;
				INFOPLIST_FILE = GoogleServiceGeneratorTests/Info.plist;
				LD_RUNPATH_SEARCH_PATHS = "$(inherited) @executable_path/../Frameworks @loader_path/../Frameworks";
				PRODUCT_BUNDLE_IDENTIFIER = com.matthewwyskiel.GoogleServiceGeneratorTests;
				PRODUCT_NAME = "$(TARGET_NAME)";
				TEST_HOST = "$(BUILT_PRODUCTS_DIR)/GoogleServiceGenerator.app/Contents/MacOS/GoogleServiceGenerator";
			};
			name = Release;
		};
		A42E334F1BD345350066F807 /* Debug */ = {
			isa = XCBuildConfiguration;
			buildSettings = {
				COMBINE_HIDPI_IMAGES = YES;
				INFOPLIST_FILE = GoogleServiceGeneratorUITests/Info.plist;
				LD_RUNPATH_SEARCH_PATHS = "$(inherited) @executable_path/../Frameworks @loader_path/../Frameworks";
				PRODUCT_BUNDLE_IDENTIFIER = com.matthewwyskiel.GoogleServiceGeneratorUITests;
				PRODUCT_NAME = "$(TARGET_NAME)";
				TEST_TARGET_NAME = GoogleServiceGenerator;
				USES_XCTRUNNER = YES;
			};
			name = Debug;
		};
		A42E33501BD345350066F807 /* Release */ = {
			isa = XCBuildConfiguration;
			buildSettings = {
				COMBINE_HIDPI_IMAGES = YES;
				INFOPLIST_FILE = GoogleServiceGeneratorUITests/Info.plist;
				LD_RUNPATH_SEARCH_PATHS = "$(inherited) @executable_path/../Frameworks @loader_path/../Frameworks";
				PRODUCT_BUNDLE_IDENTIFIER = com.matthewwyskiel.GoogleServiceGeneratorUITests;
				PRODUCT_NAME = "$(TARGET_NAME)";
				TEST_TARGET_NAME = GoogleServiceGenerator;
				USES_XCTRUNNER = YES;
			};
			name = Release;
		};
		A45837241B2A06E9005868A9 /* Debug */ = {
			isa = XCBuildConfiguration;
			buildSettings = {
				ALWAYS_SEARCH_USER_PATHS = NO;
				CLANG_CXX_LANGUAGE_STANDARD = "gnu++0x";
				CLANG_CXX_LIBRARY = "libc++";
				CLANG_ENABLE_MODULES = YES;
				CLANG_ENABLE_OBJC_ARC = YES;
				CLANG_WARN_BOOL_CONVERSION = YES;
				CLANG_WARN_CONSTANT_CONVERSION = YES;
				CLANG_WARN_DIRECT_OBJC_ISA_USAGE = YES_ERROR;
				CLANG_WARN_EMPTY_BODY = YES;
				CLANG_WARN_ENUM_CONVERSION = YES;
				CLANG_WARN_INT_CONVERSION = YES;
				CLANG_WARN_OBJC_ROOT_CLASS = YES_ERROR;
				CLANG_WARN_UNREACHABLE_CODE = YES;
				CLANG_WARN__DUPLICATE_METHOD_MATCH = YES;
				COPY_PHASE_STRIP = NO;
				DEBUG_INFORMATION_FORMAT = dwarf;
				ENABLE_STRICT_OBJC_MSGSEND = YES;
				ENABLE_TESTABILITY = YES;
				GCC_C_LANGUAGE_STANDARD = gnu99;
				GCC_DYNAMIC_NO_PIC = NO;
				GCC_NO_COMMON_BLOCKS = YES;
				GCC_OPTIMIZATION_LEVEL = 0;
				GCC_PREPROCESSOR_DEFINITIONS = (
					"DEBUG=1",
					"$(inherited)",
				);
				GCC_SYMBOLS_PRIVATE_EXTERN = NO;
				GCC_WARN_64_TO_32_BIT_CONVERSION = YES;
				GCC_WARN_ABOUT_RETURN_TYPE = YES_ERROR;
				GCC_WARN_UNDECLARED_SELECTOR = YES;
				GCC_WARN_UNINITIALIZED_AUTOS = YES_AGGRESSIVE;
				GCC_WARN_UNUSED_FUNCTION = YES;
				GCC_WARN_UNUSED_VARIABLE = YES;
				MACOSX_DEPLOYMENT_TARGET = 10.11;
				MTL_ENABLE_DEBUG_INFO = YES;
				ONLY_ACTIVE_ARCH = YES;
				SDKROOT = macosx;
				SWIFT_OPTIMIZATION_LEVEL = "-Onone";
			};
			name = Debug;
		};
		A45837251B2A06E9005868A9 /* Release */ = {
			isa = XCBuildConfiguration;
			buildSettings = {
				ALWAYS_SEARCH_USER_PATHS = NO;
				CLANG_CXX_LANGUAGE_STANDARD = "gnu++0x";
				CLANG_CXX_LIBRARY = "libc++";
				CLANG_ENABLE_MODULES = YES;
				CLANG_ENABLE_OBJC_ARC = YES;
				CLANG_WARN_BOOL_CONVERSION = YES;
				CLANG_WARN_CONSTANT_CONVERSION = YES;
				CLANG_WARN_DIRECT_OBJC_ISA_USAGE = YES_ERROR;
				CLANG_WARN_EMPTY_BODY = YES;
				CLANG_WARN_ENUM_CONVERSION = YES;
				CLANG_WARN_INT_CONVERSION = YES;
				CLANG_WARN_OBJC_ROOT_CLASS = YES_ERROR;
				CLANG_WARN_UNREACHABLE_CODE = YES;
				CLANG_WARN__DUPLICATE_METHOD_MATCH = YES;
				COPY_PHASE_STRIP = NO;
				DEBUG_INFORMATION_FORMAT = "dwarf-with-dsym";
				ENABLE_NS_ASSERTIONS = NO;
				ENABLE_STRICT_OBJC_MSGSEND = YES;
				GCC_C_LANGUAGE_STANDARD = gnu99;
				GCC_NO_COMMON_BLOCKS = YES;
				GCC_WARN_64_TO_32_BIT_CONVERSION = YES;
				GCC_WARN_ABOUT_RETURN_TYPE = YES_ERROR;
				GCC_WARN_UNDECLARED_SELECTOR = YES;
				GCC_WARN_UNINITIALIZED_AUTOS = YES_AGGRESSIVE;
				GCC_WARN_UNUSED_FUNCTION = YES;
				GCC_WARN_UNUSED_VARIABLE = YES;
				MACOSX_DEPLOYMENT_TARGET = 10.11;
				MTL_ENABLE_DEBUG_INFO = NO;
				SDKROOT = macosx;
			};
			name = Release;
		};
/* End XCBuildConfiguration section */

/* Begin XCConfigurationList section */
		A42E33481BD345350066F807 /* Build configuration list for PBXNativeTarget "GoogleServiceGenerator" */ = {
			isa = XCConfigurationList;
			buildConfigurations = (
				A42E33491BD345350066F807 /* Debug */,
				A42E334A1BD345350066F807 /* Release */,
			);
			defaultConfigurationIsVisible = 0;
			defaultConfigurationName = Release;
		};
		A42E334B1BD345350066F807 /* Build configuration list for PBXNativeTarget "GoogleServiceGeneratorTests" */ = {
			isa = XCConfigurationList;
			buildConfigurations = (
				A42E334C1BD345350066F807 /* Debug */,
				A42E334D1BD345350066F807 /* Release */,
			);
			defaultConfigurationIsVisible = 0;
			defaultConfigurationName = Release;
		};
		A42E334E1BD345350066F807 /* Build configuration list for PBXNativeTarget "GoogleServiceGeneratorUITests" */ = {
			isa = XCConfigurationList;
			buildConfigurations = (
				A42E334F1BD345350066F807 /* Debug */,
				A42E33501BD345350066F807 /* Release */,
			);
			defaultConfigurationIsVisible = 0;
			defaultConfigurationName = Release;
		};
		A458371A1B2A06E9005868A9 /* Build configuration list for PBXProject "GoogleServiceGenerator" */ = {
			isa = XCConfigurationList;
			buildConfigurations = (
				A45837241B2A06E9005868A9 /* Debug */,
				A45837251B2A06E9005868A9 /* Release */,
			);
			defaultConfigurationIsVisible = 0;
			defaultConfigurationName = Release;
		};
/* End XCConfigurationList section */
	};
	rootObject = A45837171B2A06E9005868A9 /* Project object */;
}
